
Microsoft Visual Studio Solution File, Format Version 12.00
# Visual Studio Version 16
VisualStudioVersion = 16.0.28803.352
MinimumVisualStudioVersion = 10.0.40219.1
Project("{FAE04EC0-301F-11D3-BF4B-00C04F79EFBC}") = "PdfProcessingAzureFunc", "PdfProcessingAzureFunc\PdfProcessingAzureFunc.csproj", "{0861436C-8B5A-445D-92EC-5A36F4436634}"
EndProject
Global
	GlobalSection(SolutionConfigurationPlatforms) = preSolution
		Debug|Any CPU = Debug|Any CPU
		Release|Any CPU = Release|Any CPU
	EndGlobalSection
	GlobalSection(ProjectConfigurationPlatforms) = postSolution
		{0861436C-8B5A-445D-92EC-5A36F4436634}.Debug|Any CPU.ActiveCfg = Debug|Any CPU
		{0861436C-8B5A-445D-92EC-5A36F4436634}.Debug|Any CPU.Build.0 = Debug|Any CPU
		{0861436C-8B5A-445D-92EC-5A36F4436634}.Release|Any CPU.ActiveCfg = Release|Any CPU
		{0861436C-8B5A-445D-92EC-5A36F4436634}.Release|Any CPU.Build.0 = Release|Any CPU
	EndGlobalSection
	GlobalSection(SolutionProperties) = preSolution
		HideSolutionNode = FALSE
	EndGlobalSection
	GlobalSection(ExtensibilityGlobals) = postSolution
		SolutionGuid = {0B69E9F1-034A-492E-8557-540237F17DB4}
	EndGlobalSection
EndGlobal
